// !$*UTF8*$!
{
	archiveVersion = 1;
	classes = {
	};
	objectVersion = 46;
	objects = {

/* Begin PBXBuildFile section */
		4914BCD21C76FD3000D53BD3 /* main.swift in Sources */ = {isa = PBXBuildFile; fileRef = 4914BCD11C76FD3000D53BD3 /* main.swift */; };
		4914BCD91C76FD4200D53BD3 /* UIRole.swift in Sources */ = {isa = PBXBuildFile; fileRef = 4914BCD81C76FD4200D53BD3 /* UIRole.swift */; };
		4914BCDB1C76FD5900D53BD3 /* UICompany.swift in Sources */ = {isa = PBXBuildFile; fileRef = 4914BCDA1C76FD5900D53BD3 /* UICompany.swift */; };
		4914BCDD1C76FD6D00D53BD3 /* Assigneeable.swift in Sources */ = {isa = PBXBuildFile; fileRef = 4914BCDC1C76FD6D00D53BD3 /* Assigneeable.swift */; };
/* End PBXBuildFile section */

/* Begin PBXCopyFilesBuildPhase section */
		4914BCCC1C76FD3000D53BD3 /* CopyFiles */ = {
			isa = PBXCopyFilesBuildPhase;
			buildActionMask = 2147483647;
			dstPath = /usr/share/man/man1/;
			dstSubfolderSpec = 0;
			files = (
			);
			runOnlyForDeploymentPostprocessing = 1;
		};
/* End PBXCopyFilesBuildPhase section */

/* Begin PBXFileReference section */
		4914BCCE1C76FD3000D53BD3 /* SwiftProtoclProperty */ = {isa = PBXFileReference; explicitFileType = "compiled.mach-o.executable"; includeInIndex = 0; path = SwiftProtoclProperty; sourceTree = BUILT_PRODUCTS_DIR; };
		4914BCD11C76FD3000D53BD3 /* main.swift */ = {isa = PBXFileReference; lastKnownFileType = sourcecode.swift; path = main.swift; sourceTree = "<group>"; };
		4914BCD81C76FD4200D53BD3 /* UIRole.swift */ = {isa = PBXFileReference; fileEncoding = 4; lastKnownFileType = sourcecode.swift; path = UIRole.swift; sourceTree = "<group>"; };
		4914BCDA1C76FD5900D53BD3 /* UICompany.swift */ = {isa = PBXFileReference; fileEncoding = 4; lastKnownFileType = sourcecode.swift; path = UICompany.swift; sourceTree = "<group>"; };
		4914BCDC1C76FD6D00D53BD3 /* Assigneeable.swift */ = {isa = PBXFileReference; fileEncoding = 4; lastKnownFileType = sourcecode.swift; path = Assigneeable.swift; sourceTree = "<group>"; };
/* End PBXFileReference section */

/* Begin PBXFrameworksBuildPhase section */
		4914BCCB1C76FD3000D53BD3 /* Frameworks */ = {
			isa = PBXFrameworksBuildPhase;
			buildActionMask = 2147483647;
			files = (
			);
			runOnlyForDeploymentPostprocessing = 0;
		};
/* End PBXFrameworksBuildPhase section */

/* Begin PBXGroup section */
		4914BCC51C76FD3000D53BD3 = {
			isa = PBXGroup;
			children = (
				4914BCD01C76FD3000D53BD3 /* SwiftProtoclProperty */,
				4914BCCF1C76FD3000D53BD3 /* Products */,
			);
			sourceTree = "<group>";
		};
		4914BCCF1C76FD3000D53BD3 /* Products */ = {
			isa = PBXGroup;
			children = (
				4914BCCE1C76FD3000D53BD3 /* SwiftProtoclProperty */,
			);
			name = Products;
			sourceTree = "<group>";
		};
		4914BCD01C76FD3000D53BD3 /* SwiftProtoclProperty */ = {
			isa = PBXGroup;
			children = (
				4914BCD11C76FD3000D53BD3 /* main.swift */,
				4914BCD81C76FD4200D53BD3 /* UIRole.swift */,
				4914BCDA1C76FD5900D53BD3 /* UICompany.swift */,
				4914BCDC1C76FD6D00D53BD3 /* Assigneeable.swift */,
			);
			path = SwiftProtoclProperty;
			sourceTree = "<group>";
		};
/* End PBXGroup section */

/* Begin PBXNativeTarget section */
		4914BCCD1C76FD3000D53BD3 /* SwiftProtoclProperty */ = {
			isa = PBXNativeTarget;
			buildConfigurationList = 4914BCD51C76FD3000D53BD3 /* Build configuration list for PBXNativeTarget "SwiftProtoclProperty" */;
			buildPhases = (
				4914BCCA1C76FD3000D53BD3 /* Sources */,
				4914BCCB1C76FD3000D53BD3 /* Frameworks */,
				4914BCCC1C76FD3000D53BD3 /* CopyFiles */,
			);
			buildRules = (
			);
			dependencies = (
			);
			name = SwiftProtoclProperty;
			productName = SwiftProtoclProperty;
			productReference = 4914BCCE1C76FD3000D53BD3 /* SwiftProtoclProperty */;
			productType = "com.apple.product-type.tool";
		};
/* End PBXNativeTarget section */

/* Begin PBXProject section */
		4914BCC61C76FD3000D53BD3 /* Project object */ = {
			isa = PBXProject;
			attributes = {
				LastSwiftUpdateCheck = 0720;
				LastUpgradeCheck = 0720;
				ORGANIZATIONNAME = chainone;
				TargetAttributes = {
					4914BCCD1C76FD3000D53BD3 = {
						CreatedOnToolsVersion = 7.2;
					};
				};
			};
			buildConfigurationList = 4914BCC91C76FD3000D53BD3 /* Build configuration list for PBXProject "SwiftProtoclProperty" */;
			compatibilityVersion = "Xcode 3.2";
			developmentRegion = English;
			hasScannedForEncodings = 0;
			knownRegions = (
				en,
			);
			mainGroup = 4914BCC51C76FD3000D53BD3;
			productRefGroup = 4914BCCF1C76FD3000D53BD3 /* Products */;
			projectDirPath = "";
			projectRoot = "";
			targets = (
				4914BCCD1C76FD3000D53BD3 /* SwiftProtoclProperty */,
			);
		};
/* End PBXProject section */

/* Begin PBXSourcesBuildPhase section */
		4914BCCA1C76FD3000D53BD3 /* Sources */ = {
			isa = PBXSourcesBuildPhase;
			buildActionMask = 2147483647;
			files = (
				4914BCDD1C76FD6D00D53BD3 /* Assigneeable.swift in Sources */,
				4914BCDB1C76FD5900D53BD3 /* UICompany.swift in Sources */,
				4914BCD21C76FD3000D53BD3 /* main.swift in Sources */,
				4914BCD91C76FD4200D53BD3 /* UIRole.swift in Sources */,
			);
			runOnlyForDeploymentPostprocessing = 0;
		};
/* End PBXSourcesBuildPhase section */

/* Begin XCBuildConfiguration section */
		4914BCD31C76FD3000D53BD3 /* Debug */ = {
			isa = XCBuildConfiguration;
			buildSettings = {
				ALWAYS_SEARCH_USER_PATHS = NO;
				CLANG_CXX_LANGUAGE_STANDARD = "gnu++0x";
				CLANG_CXX_LIBRARY = "libc++";
				CLANG_ENABLE_MODULES = YES;
				CLANG_ENABLE_OBJC_ARC = YES;
				CLANG_WARN_BOOL_CONVERSION = YES;
				CLANG_WARN_CONSTANT_CONVERSION = YES;
				CLANG_WARN_DIRECT_OBJC_ISA_USAGE = YES_ERROR;
				CLANG_WARN_EMPTY_BODY = YES;
				CLANG_WARN_ENUM_CONVERSION = YES;
				CLANG_WARN_INT_CONVERSION = YES;
				CLANG_WARN_OBJC_ROOT_CLASS = YES_ERROR;
				CLANG_WARN_UNREACHABLE_CODE = YES;
				CLANG_WARN__DUPLICATE_METHOD_MATCH = YES;
				CODE_SIGN_IDENTITY = "-";
				COPY_PHASE_STRIP = NO;
				DEBUG_INFORMATION_FORMAT = dwarf;
				ENABLE_STRICT_OBJC_MSGSEND = YES;
				ENABLE_TESTABILITY = YES;
				GCC_C_LANGUAGE_STANDARD = gnu99;
				GCC_DYNAMIC_NO_PIC = NO;
				GCC_NO_COMMON_BLOCKS = YES;
				GCC_OPTIMIZATION_LEVEL = 0;
				GCC_PREPROCESSOR_DEFINITIONS = (
					"DEBUG=1",
					"$(inherited)",
				);
				GCC_WARN_64_TO_32_BIT_CONVERSION = YES;
				GCC_WARN_ABOUT_RETURN_TYPE = YES_ERROR;
				GCC_WARN_UNDECLARED_SELECTOR = YES;
				GCC_WARN_UNINITIALIZED_AUTOS = YES_AGGRESSIVE;
				GCC_WARN_UNUSED_FUNCTION = YES;
				GCC_WARN_UNUSED_VARIABLE = YES;
				MACOSX_DEPLOYMENT_TARGET = 10.11;
				MTL_ENABLE_DEBUG_INFO = YES;
				ONLY_ACTIVE_ARCH = YES;
				SDKROOT = macosx;
				SWIFT_OPTIMIZATION_LEVEL = "-Onone";
			};
			name = Debug;
		};
		4914BCD41C76FD3000D53BD3 /* Release */ = {
			isa = XCBuildConfiguration;
			buildSettings = {
				ALWAYS_SEARCH_USER_PATHS = NO;
				CLANG_CXX_LANGUAGE_STANDARD = "gnu++0x";
				CLANG_CXX_LIBRARY = "libc++";
				CLANG_ENABLE_MODULES = YES;
				CLANG_ENABLE_OBJC_ARC = YES;
				CLANG_WARN_BOOL_CONVERSION = YES;
				CLANG_WARN_CONSTANT_CONVERSION = YES;
				CLANG_WARN_DIRECT_OBJC_ISA_USAGE = YES_ERROR;
				CLANG_WARN_EMPTY_BODY = YES;
				CLANG_WARN_ENUM_CONVERSION = YES;
				CLANG_WARN_INT_CONVERSION = YES;
				CLANG_WARN_OBJC_ROOT_CLASS = YES_ERROR;
				CLANG_WARN_UNREACHABLE_CODE = YES;
				CLANG_WARN__DUPLICATE_METHOD_MATCH = YES;
				CODE_SIGN_IDENTITY = "-";
				COPY_PHASE_STRIP = NO;
				DEBUG_INFORMATION_FORMAT = "dwarf-with-dsym";
				ENABLE_NS_ASSERTIONS = NO;
				ENABLE_STRICT_OBJC_MSGSEND = YES;
				GCC_C_LANGUAGE_STANDARD = gnu99;
				GCC_NO_COMMON_BLOCKS = YES;
				GCC_WARN_64_TO_32_BIT_CONVERSION = YES;
				GCC_WARN_ABOUT_RETURN_TYPE = YES_ERROR;
				GCC_WARN_UNDECLARED_SELECTOR = YES;
				GCC_WARN_UNINITIALIZED_AUTOS = YES_AGGRESSIVE;
				GCC_WARN_UNUSED_FUNCTION = YES;
				GCC_WARN_UNUSED_VARIABLE = YES;
				MACOSX_DEPLOYMENT_TARGET = 10.11;
				MTL_ENABLE_DEBUG_INFO = NO;
				SDKROOT = macosx;
			};
			name = Release;
		};
		4914BCD61C76FD3000D53BD3 /* Debug */ = {
			isa = XCBuildConfiguration;
			buildSettings = {
				PRODUCT_NAME = "$(TARGET_NAME)";
			};
			name = Debug;
		};
		4914BCD71C76FD3000D53BD3 /* Release */ = {
			isa = XCBuildConfiguration;
			buildSettings = {
				PRODUCT_NAME = "$(TARGET_NAME)";
			};
			name = Release;
		};
/* End XCBuildConfiguration section */

/* Begin XCConfigurationList section */
		4914BCC91C76FD3000D53BD3 /* Build configuration list for PBXProject "SwiftProtoclProperty" */ = {
			isa = XCConfigurationList;
			buildConfigurations = (
				4914BCD31C76FD3000D53BD3 /* Debug */,
				4914BCD41C76FD3000D53BD3 /* Release */,
			);
			defaultConfigurationIsVisible = 0;
			defaultConfigurationName = Release;
		};
		4914BCD51C76FD3000D53BD3 /* Build configuration list for PBXNativeTarget "SwiftProtoclProperty" */ = {
			isa = XCConfigurationList;
			buildConfigurations = (
				4914BCD61C76FD3000D53BD3 /* Debug */,
				4914BCD71C76FD3000D53BD3 /* Release */,
			);
			defaultConfigurationIsVisible = 0;
		};
/* End XCConfigurationList section */
	};
	rootObject = 4914BCC61C76FD3000D53BD3 /* Project object */;
}
